
Microsoft Visual Studio Solution File, Format Version 12.00
# Visual Studio Version 17
VisualStudioVersion = 17.4.33110.190
MinimumVisualStudioVersion = 10.0.40219.1
Project("{FAE04EC0-301F-11D3-BF4B-00C04F79EFBC}") = "RestWithASPNET", "RestWithASPNET\RestWithASPNET.csproj", "{3129C557-AD5D-4C4C-A7E6-E23EC09A3E2C}"
EndProject
Global
	GlobalSection(SolutionConfigurationPlatforms) = preSolution
		Debug|Any CPU = Debug|Any CPU
		Release|Any CPU = Release|Any CPU
	EndGlobalSection
	GlobalSection(ProjectConfigurationPlatforms) = postSolution
		{3129C557-AD5D-4C4C-A7E6-E23EC09A3E2C}.Debug|Any CPU.ActiveCfg = Debug|Any CPU
		{3129C557-AD5D-4C4C-A7E6-E23EC09A3E2C}.Debug|Any CPU.Build.0 = Debug|Any CPU
		{3129C557-AD5D-4C4C-A7E6-E23EC09A3E2C}.Release|Any CPU.ActiveCfg = Release|Any CPU
		{3129C557-AD5D-4C4C-A7E6-E23EC09A3E2C}.Release|Any CPU.Build.0 = Release|Any CPU
	EndGlobalSection
	GlobalSection(SolutionProperties) = preSolution
		HideSolutionNode = FALSE
	EndGlobalSection
	GlobalSection(ExtensibilityGlobals) = postSolution
		SolutionGuid = {C34AE8C6-868F-4C75-83B2-4C0D562248DB}
	EndGlobalSection
EndGlobal
